// !$*UTF8*$!
{
	archiveVersion = 1;
	classes = {
	};
	objectVersion = 48;
	objects = {

/* Begin PBXBuildFile section */
		3FF567BC20DE235700A06549 /* AppDelegate.swift in Sources */ = {isa = PBXBuildFile; fileRef = 3FF567BB20DE235700A06549 /* AppDelegate.swift */; };
		3FF567BE20DE235700A06549 /* ViewController.swift in Sources */ = {isa = PBXBuildFile; fileRef = 3FF567BD20DE235700A06549 /* ViewController.swift */; };
		3FF567C120DE235700A06549 /* Main.storyboard in Resources */ = {isa = PBXBuildFile; fileRef = 3FF567BF20DE235700A06549 /* Main.storyboard */; };
		3FF567C320DE235700A06549 /* Assets.xcassets in Resources */ = {isa = PBXBuildFile; fileRef = 3FF567C220DE235700A06549 /* Assets.xcassets */; };
		3FF567C620DE235700A06549 /* LaunchScreen.storyboard in Resources */ = {isa = PBXBuildFile; fileRef = 3FF567C420DE235700A06549 /* LaunchScreen.storyboard */; };
		3FF567D120DE235700A06549 /* testTests.swift in Sources */ = {isa = PBXBuildFile; fileRef = 3FF567D020DE235700A06549 /* testTests.swift */; };
		3FF567DC20DE235700A06549 /* testUITests.swift in Sources */ = {isa = PBXBuildFile; fileRef = 3FF567DB20DE235700A06549 /* testUITests.swift */; };
		3FF567EA20DE2BA300A06549 /* editViewController.swift in Sources */ = {isa = PBXBuildFile; fileRef = 3FF567E920DE2BA300A06549 /* editViewController.swift */; };
/* End PBXBuildFile section */

/* Begin PBXContainerItemProxy section */
		3FF567CD20DE235700A06549 /* PBXContainerItemProxy */ = {
			isa = PBXContainerItemProxy;
			containerPortal = 3FF567B020DE235700A06549 /* Project object */;
			proxyType = 1;
			remoteGlobalIDString = 3FF567B720DE235700A06549;
			remoteInfo = test;
		};
		3FF567D820DE235700A06549 /* PBXContainerItemProxy */ = {
			isa = PBXContainerItemProxy;
			containerPortal = 3FF567B020DE235700A06549 /* Project object */;
			proxyType = 1;
			remoteGlobalIDString = 3FF567B720DE235700A06549;
			remoteInfo = test;
		};
/* End PBXContainerItemProxy section */

/* Begin PBXFileReference section */
		3FF567B820DE235700A06549 /* test.app */ = {isa = PBXFileReference; explicitFileType = wrapper.application; includeInIndex = 0; path = test.app; sourceTree = BUILT_PRODUCTS_DIR; };
		3FF567BB20DE235700A06549 /* AppDelegate.swift */ = {isa = PBXFileReference; lastKnownFileType = sourcecode.swift; path = AppDelegate.swift; sourceTree = "<group>"; };
		3FF567BD20DE235700A06549 /* ViewController.swift */ = {isa = PBXFileReference; lastKnownFileType = sourcecode.swift; path = ViewController.swift; sourceTree = "<group>"; };
		3FF567C020DE235700A06549 /* Base */ = {isa = PBXFileReference; lastKnownFileType = file.storyboard; name = Base; path = Base.lproj/Main.storyboard; sourceTree = "<group>"; };
		3FF567C220DE235700A06549 /* Assets.xcassets */ = {isa = PBXFileReference; lastKnownFileType = folder.assetcatalog; path = Assets.xcassets; sourceTree = "<group>"; };
		3FF567C520DE235700A06549 /* Base */ = {isa = PBXFileReference; lastKnownFileType = file.storyboard; name = Base; path = Base.lproj/LaunchScreen.storyboard; sourceTree = "<group>"; };
		3FF567C720DE235700A06549 /* Info.plist */ = {isa = PBXFileReference; lastKnownFileType = text.plist.xml; path = Info.plist; sourceTree = "<group>"; };
		3FF567CC20DE235700A06549 /* testTests.xctest */ = {isa = PBXFileReference; explicitFileType = wrapper.cfbundle; includeInIndex = 0; path = testTests.xctest; sourceTree = BUILT_PRODUCTS_DIR; };
		3FF567D020DE235700A06549 /* testTests.swift */ = {isa = PBXFileReference; lastKnownFileType = sourcecode.swift; path = testTests.swift; sourceTree = "<group>"; };
		3FF567D220DE235700A06549 /* Info.plist */ = {isa = PBXFileReference; lastKnownFileType = text.plist.xml; path = Info.plist; sourceTree = "<group>"; };
		3FF567D720DE235700A06549 /* testUITests.xctest */ = {isa = PBXFileReference; explicitFileType = wrapper.cfbundle; includeInIndex = 0; path = testUITests.xctest; sourceTree = BUILT_PRODUCTS_DIR; };
		3FF567DB20DE235700A06549 /* testUITests.swift */ = {isa = PBXFileReference; lastKnownFileType = sourcecode.swift; path = testUITests.swift; sourceTree = "<group>"; };
		3FF567DD20DE235700A06549 /* Info.plist */ = {isa = PBXFileReference; lastKnownFileType = text.plist.xml; path = Info.plist; sourceTree = "<group>"; };
		3FF567E920DE2BA300A06549 /* editViewController.swift */ = {isa = PBXFileReference; lastKnownFileType = sourcecode.swift; path = editViewController.swift; sourceTree = "<group>"; };
/* End PBXFileReference section */

/* Begin PBXFrameworksBuildPhase section */
		3FF567B520DE235700A06549 /* Frameworks */ = {
			isa = PBXFrameworksBuildPhase;
			buildActionMask = 2147483647;
			files = (
			);
			runOnlyForDeploymentPostprocessing = 0;
		};
		3FF567C920DE235700A06549 /* Frameworks */ = {
			isa = PBXFrameworksBuildPhase;
			buildActionMask = 2147483647;
			files = (
			);
			runOnlyForDeploymentPostprocessing = 0;
		};
		3FF567D420DE235700A06549 /* Frameworks */ = {
			isa = PBXFrameworksBuildPhase;
			buildActionMask = 2147483647;
			files = (
			);
			runOnlyForDeploymentPostprocessing = 0;
		};
/* End PBXFrameworksBuildPhase section */

/* Begin PBXGroup section */
		3FF567AF20DE235700A06549 = {
			isa = PBXGroup;
			children = (
				3FF567BA20DE235700A06549 /* test */,
				3FF567CF20DE235700A06549 /* testTests */,
				3FF567DA20DE235700A06549 /* testUITests */,
				3FF567B920DE235700A06549 /* Products */,
			);
			sourceTree = "<group>";
		};
		3FF567B920DE235700A06549 /* Products */ = {
			isa = PBXGroup;
			children = (
				3FF567B820DE235700A06549 /* test.app */,
				3FF567CC20DE235700A06549 /* testTests.xctest */,
				3FF567D720DE235700A06549 /* testUITests.xctest */,
			);
			name = Products;
			sourceTree = "<group>";
		};
		3FF567BA20DE235700A06549 /* test */ = {
			isa = PBXGroup;
			children = (
				3FF567BB20DE235700A06549 /* AppDelegate.swift */,
				3FF567BD20DE235700A06549 /* ViewController.swift */,
				3FF567BF20DE235700A06549 /* Main.storyboard */,
				3FF567C220DE235700A06549 /* Assets.xcassets */,
				3FF567C420DE235700A06549 /* LaunchScreen.storyboard */,
				3FF567C720DE235700A06549 /* Info.plist */,
				3FF567E920DE2BA300A06549 /* editViewController.swift */,
			);
			path = test;
			sourceTree = "<group>";
		};
		3FF567CF20DE235700A06549 /* testTests */ = {
			isa = PBXGroup;
			children = (
				3FF567D020DE235700A06549 /* testTests.swift */,
				3FF567D220DE235700A06549 /* Info.plist */,
			);
			path = testTests;
			sourceTree = "<group>";
		};
		3FF567DA20DE235700A06549 /* testUITests */ = {
			isa = PBXGroup;
			children = (
				3FF567DB20DE235700A06549 /* testUITests.swift */,
				3FF567DD20DE235700A06549 /* Info.plist */,
			);
			path = testUITests;
			sourceTree = "<group>";
		};
/* End PBXGroup section */

/* Begin PBXNativeTarget section */
		3FF567B720DE235700A06549 /* test */ = {
			isa = PBXNativeTarget;
			buildConfigurationList = 3FF567E020DE235700A06549 /* Build configuration list for PBXNativeTarget "test" */;
			buildPhases = (
				3FF567B420DE235700A06549 /* Sources */,
				3FF567B520DE235700A06549 /* Frameworks */,
				3FF567B620DE235700A06549 /* Resources */,
			);
			buildRules = (
			);
			dependencies = (
			);
			name = test;
			productName = test;
			productReference = 3FF567B820DE235700A06549 /* test.app */;
			productType = "com.apple.product-type.application";
		};
		3FF567CB20DE235700A06549 /* testTests */ = {
			isa = PBXNativeTarget;
			buildConfigurationList = 3FF567E320DE235700A06549 /* Build configuration list for PBXNativeTarget "testTests" */;
			buildPhases = (
				3FF567C820DE235700A06549 /* Sources */,
				3FF567C920DE235700A06549 /* Frameworks */,
				3FF567CA20DE235700A06549 /* Resources */,
			);
			buildRules = (
			);
			dependencies = (
				3FF567CE20DE235700A06549 /* PBXTargetDependency */,
			);
			name = testTests;
			productName = testTests;
			productReference = 3FF567CC20DE235700A06549 /* testTests.xctest */;
			productType = "com.apple.product-type.bundle.unit-test";
		};
		3FF567D620DE235700A06549 /* testUITests */ = {
			isa = PBXNativeTarget;
			buildConfigurationList = 3FF567E620DE235700A06549 /* Build configuration list for PBXNativeTarget "testUITests" */;
			buildPhases = (
				3FF567D320DE235700A06549 /* Sources */,
				3FF567D420DE235700A06549 /* Frameworks */,
				3FF567D520DE235700A06549 /* Resources */,
			);
			buildRules = (
			);
			dependencies = (
				3FF567D920DE235700A06549 /* PBXTargetDependency */,
			);
			name = testUITests;
			productName = testUITests;
			productReference = 3FF567D720DE235700A06549 /* testUITests.xctest */;
			productType = "com.apple.product-type.bundle.ui-testing";
		};
/* End PBXNativeTarget section */

/* Begin PBXProject section */
		3FF567B020DE235700A06549 /* Project object */ = {
			isa = PBXProject;
			attributes = {
				LastSwiftUpdateCheck = 0920;
				LastUpgradeCheck = 0920;
				ORGANIZATIONNAME = Minori;
				TargetAttributes = {
					3FF567B720DE235700A06549 = {
						CreatedOnToolsVersion = 9.2;
						ProvisioningStyle = Automatic;
					};
					3FF567CB20DE235700A06549 = {
						CreatedOnToolsVersion = 9.2;
						ProvisioningStyle = Automatic;
						TestTargetID = 3FF567B720DE235700A06549;
					};
					3FF567D620DE235700A06549 = {
						CreatedOnToolsVersion = 9.2;
						ProvisioningStyle = Automatic;
						TestTargetID = 3FF567B720DE235700A06549;
					};
				};
			};
			buildConfigurationList = 3FF567B320DE235700A06549 /* Build configuration list for PBXProject "test" */;
			compatibilityVersion = "Xcode 8.0";
			developmentRegion = en;
			hasScannedForEncodings = 0;
			knownRegions = (
				en,
				Base,
			);
			mainGroup = 3FF567AF20DE235700A06549;
			productRefGroup = 3FF567B920DE235700A06549 /* Products */;
			projectDirPath = "";
			projectRoot = "";
			targets = (
				3FF567B720DE235700A06549 /* test */,
				3FF567CB20DE235700A06549 /* testTests */,
				3FF567D620DE235700A06549 /* testUITests */,
			);
		};
/* End PBXProject section */

/* Begin PBXResourcesBuildPhase section */
		3FF567B620DE235700A06549 /* Resources */ = {
			isa = PBXResourcesBuildPhase;
			buildActionMask = 2147483647;
			files = (
				3FF567C620DE235700A06549 /* LaunchScreen.storyboard in Resources */,
				3FF567C320DE235700A06549 /* Assets.xcassets in Resources */,
				3FF567C120DE235700A06549 /* Main.storyboard in Resources */,
			);
			runOnlyForDeploymentPostprocessing = 0;
		};
		3FF567CA20DE235700A06549 /* Resources */ = {
			isa = PBXResourcesBuildPhase;
			buildActionMask = 2147483647;
			files = (
			);
			runOnlyForDeploymentPostprocessing = 0;
		};
		3FF567D520DE235700A06549 /* Resources */ = {
			isa = PBXResourcesBuildPhase;
			buildActionMask = 2147483647;
			files = (
			);
			runOnlyForDeploymentPostprocessing = 0;
		};
/* End PBXResourcesBuildPhase section */

/* Begin PBXSourcesBuildPhase section */
		3FF567B420DE235700A06549 /* Sources */ = {
			isa = PBXSourcesBuildPhase;
			buildActionMask = 2147483647;
			files = (
				3FF567BE20DE235700A06549 /* ViewController.swift in Sources */,
				3FF567EA20DE2BA300A06549 /* editViewController.swift in Sources */,
				3FF567BC20DE235700A06549 /* AppDelegate.swift in Sources */,
			);
			runOnlyForDeploymentPostprocessing = 0;
		};
		3FF567C820DE235700A06549 /* Sources */ = {
			isa = PBXSourcesBuildPhase;
			buildActionMask = 2147483647;
			files = (
				3FF567D120DE235700A06549 /* testTests.swift in Sources */,
			);
			runOnlyForDeploymentPostprocessing = 0;
		};
		3FF567D320DE235700A06549 /* Sources */ = {
			isa = PBXSourcesBuildPhase;
			buildActionMask = 2147483647;
			files = (
				3FF567DC20DE235700A06549 /* testUITests.swift in Sources */,
			);
			runOnlyForDeploymentPostprocessing = 0;
		};
/* End PBXSourcesBuildPhase section */

/* Begin PBXTargetDependency section */
		3FF567CE20DE235700A06549 /* PBXTargetDependency */ = {
			isa = PBXTargetDependency;
			target = 3FF567B720DE235700A06549 /* test */;
			targetProxy = 3FF567CD20DE235700A06549 /* PBXContainerItemProxy */;
		};
		3FF567D920DE235700A06549 /* PBXTargetDependency */ = {
			isa = PBXTargetDependency;
			target = 3FF567B720DE235700A06549 /* test */;
			targetProxy = 3FF567D820DE235700A06549 /* PBXContainerItemProxy */;
		};
/* End PBXTargetDependency section */

/* Begin PBXVariantGroup section */
		3FF567BF20DE235700A06549 /* Main.storyboard */ = {
			isa = PBXVariantGroup;
			children = (
				3FF567C020DE235700A06549 /* Base */,
			);
			name = Main.storyboard;
			sourceTree = "<group>";
		};
		3FF567C420DE235700A06549 /* LaunchScreen.storyboard */ = {
			isa = PBXVariantGroup;
			children = (
				3FF567C520DE235700A06549 /* Base */,
			);
			name = LaunchScreen.storyboard;
			sourceTree = "<group>";
		};
/* End PBXVariantGroup section */

/* Begin XCBuildConfiguration section */
		3FF567DE20DE235700A06549 /* Debug */ = {
			isa = XCBuildConfiguration;
			buildSettings = {
				ALWAYS_SEARCH_USER_PATHS = NO;
				CLANG_ANALYZER_NONNULL = YES;
				CLANG_ANALYZER_NUMBER_OBJECT_CONVERSION = YES_AGGRESSIVE;
				CLANG_CXX_LANGUAGE_STANDARD = "gnu++14";
				CLANG_CXX_LIBRARY = "libc++";
				CLANG_ENABLE_MODULES = YES;
				CLANG_ENABLE_OBJC_ARC = YES;
				CLANG_WARN_BLOCK_CAPTURE_AUTORELEASING = YES;
				CLANG_WARN_BOOL_CONVERSION = YES;
				CLANG_WARN_COMMA = YES;
				CLANG_WARN_CONSTANT_CONVERSION = YES;
				CLANG_WARN_DIRECT_OBJC_ISA_USAGE = YES_ERROR;
				CLANG_WARN_DOCUMENTATION_COMMENTS = YES;
				CLANG_WARN_EMPTY_BODY = YES;
				CLANG_WARN_ENUM_CONVERSION = YES;
				CLANG_WARN_INFINITE_RECURSION = YES;
				CLANG_WARN_INT_CONVERSION = YES;
				CLANG_WARN_NON_LITERAL_NULL_CONVERSION = YES;
				CLANG_WARN_OBJC_LITERAL_CONVERSION = YES;
				CLANG_WARN_OBJC_ROOT_CLASS = YES_ERROR;
				CLANG_WARN_RANGE_LOOP_ANALYSIS = YES;
				CLANG_WARN_STRICT_PROTOTYPES = YES;
				CLANG_WARN_SUSPICIOUS_MOVE = YES;
				CLANG_WARN_UNGUARDED_AVAILABILITY = YES_AGGRESSIVE;
				CLANG_WARN_UNREACHABLE_CODE = YES;
				CLANG_WARN__DUPLICATE_METHOD_MATCH = YES;
				CODE_SIGN_IDENTITY = "iPhone Developer";
				COPY_PHASE_STRIP = NO;
				DEBUG_INFORMATION_FORMAT = dwarf;
				ENABLE_STRICT_OBJC_MSGSEND = YES;
				ENABLE_TESTABILITY = YES;
				GCC_C_LANGUAGE_STANDARD = gnu11;
				GCC_DYNAMIC_NO_PIC = NO;
				GCC_NO_COMMON_BLOCKS = YES;
				GCC_OPTIMIZATION_LEVEL = 0;
				GCC_PREPROCESSOR_DEFINITIONS = (
					"DEBUG=1",
					"$(inherited)",
				);
				GCC_WARN_64_TO_32_BIT_CONVERSION = YES;
				GCC_WARN_ABOUT_RETURN_TYPE = YES_ERROR;
				GCC_WARN_UNDECLARED_SELECTOR = YES;
				GCC_WARN_UNINITIALIZED_AUTOS = YES_AGGRESSIVE;
				GCC_WARN_UNUSED_FUNCTION = YES;
				GCC_WARN_UNUSED_VARIABLE = YES;
				IPHONEOS_DEPLOYMENT_TARGET = 11.2;
				MTL_ENABLE_DEBUG_INFO = YES;
				ONLY_ACTIVE_ARCH = YES;
				SDKROOT = iphoneos;
				SWIFT_ACTIVE_COMPILATION_CONDITIONS = DEBUG;
				SWIFT_OPTIMIZATION_LEVEL = "-Onone";
			};
			name = Debug;
		};
		3FF567DF20DE235700A06549 /* Release */ = {
			isa = XCBuildConfiguration;
			buildSettings = {
				ALWAYS_SEARCH_USER_PATHS = NO;
				CLANG_ANALYZER_NONNULL = YES;
				CLANG_ANALYZER_NUMBER_OBJECT_CONVERSION = YES_AGGRESSIVE;
				CLANG_CXX_LANGUAGE_STANDARD = "gnu++14";
				CLANG_CXX_LIBRARY = "libc++";
				CLANG_ENABLE_MODULES = YES;
				CLANG_ENABLE_OBJC_ARC = YES;
				CLANG_WARN_BLOCK_CAPTURE_AUTORELEASING = YES;
				CLANG_WARN_BOOL_CONVERSION = YES;
				CLANG_WARN_COMMA = YES;
				CLANG_WARN_CONSTANT_CONVERSION = YES;
				CLANG_WARN_DIRECT_OBJC_ISA_USAGE = YES_ERROR;
				CLANG_WARN_DOCUMENTATION_COMMENTS = YES;
				CLANG_WARN_EMPTY_BODY = YES;
				CLANG_WARN_ENUM_CONVERSION = YES;
				CLANG_WARN_INFINITE_RECURSION = YES;
				CLANG_WARN_INT_CONVERSION = YES;
				CLANG_WARN_NON_LITERAL_NULL_CONVERSION = YES;
				CLANG_WARN_OBJC_LITERAL_CONVERSION = YES;
				CLANG_WARN_OBJC_ROOT_CLASS = YES_ERROR;
				CLANG_WARN_RANGE_LOOP_ANALYSIS = YES;
				CLANG_WARN_STRICT_PROTOTYPES = YES;
				CLANG_WARN_SUSPICIOUS_MOVE = YES;
				CLANG_WARN_UNGUARDED_AVAILABILITY = YES_AGGRESSIVE;
				CLANG_WARN_UNREACHABLE_CODE = YES;
				CLANG_WARN__DUPLICATE_METHOD_MATCH = YES;
				CODE_SIGN_IDENTITY = "iPhone Developer";
				COPY_PHASE_STRIP = NO;
				DEBUG_INFORMATION_FORMAT = "dwarf-with-dsym";
				ENABLE_NS_ASSERTIONS = NO;
				ENABLE_STRICT_OBJC_MSGSEND = YES;
				GCC_C_LANGUAGE_STANDARD = gnu11;
				GCC_NO_COMMON_BLOCKS = YES;
				GCC_WARN_64_TO_32_BIT_CONVERSION = YES;
				GCC_WARN_ABOUT_RETURN_TYPE = YES_ERROR;
				GCC_WARN_UNDECLARED_SELECTOR = YES;
				GCC_WARN_UNINITIALIZED_AUTOS = YES_AGGRESSIVE;
				GCC_WARN_UNUSED_FUNCTION = YES;
				GCC_WARN_UNUSED_VARIABLE = YES;
				IPHONEOS_DEPLOYMENT_TARGET = 11.2;
				MTL_ENABLE_DEBUG_INFO = NO;
				SDKROOT = iphoneos;
				SWIFT_OPTIMIZATION_LEVEL = "-Owholemodule";
				VALIDATE_PRODUCT = YES;
			};
			name = Release;
		};
		3FF567E120DE235700A06549 /* Debug */ = {
			isa = XCBuildConfiguration;
			buildSettings = {
				ASSETCATALOG_COMPILER_APPICON_NAME = AppIcon;
				CODE_SIGN_STYLE = Automatic;
				INFOPLIST_FILE = test/Info.plist;
				LD_RUNPATH_SEARCH_PATHS = "$(inherited) @executable_path/Frameworks";
				PRODUCT_BUNDLE_IDENTIFIER = com.litech.test;
				PRODUCT_NAME = "$(TARGET_NAME)";
				SWIFT_VERSION = 4.0;
				TARGETED_DEVICE_FAMILY = "1,2";
			};
			name = Debug;
		};
		3FF567E220DE235700A06549 /* Release */ = {
			isa = XCBuildConfiguration;
			buildSettings = {
				ASSETCATALOG_COMPILER_APPICON_NAME = AppIcon;
				CODE_SIGN_STYLE = Automatic;
				INFOPLIST_FILE = test/Info.plist;
				LD_RUNPATH_SEARCH_PATHS = "$(inherited) @executable_path/Frameworks";
				PRODUCT_BUNDLE_IDENTIFIER = com.litech.test;
				PRODUCT_NAME = "$(TARGET_NAME)";
				SWIFT_VERSION = 4.0;
				TARGETED_DEVICE_FAMILY = "1,2";
			};
			name = Release;
		};
		3FF567E420DE235700A06549 /* Debug */ = {
			isa = XCBuildConfiguration;
			buildSettings = {
				ALWAYS_EMBED_SWIFT_STANDARD_LIBRARIES = YES;
				BUNDLE_LOADER = "$(TEST_HOST)";
				CODE_SIGN_STYLE = Automatic;
				INFOPLIST_FILE = testTests/Info.plist;
				LD_RUNPATH_SEARCH_PATHS = "$(inherited) @executable_path/Frameworks @loader_path/Frameworks";
				PRODUCT_BUNDLE_IDENTIFIER = com.litech.testTests;
				PRODUCT_NAME = "$(TARGET_NAME)";
				SWIFT_VERSION = 4.0;
				TARGETED_DEVICE_FAMILY = "1,2";
				TEST_HOST = "$(BUILT_PRODUCTS_DIR)/test.app/test";
			};
			name = Debug;
		};
		3FF567E520DE235700A06549 /* Release */ = {
			isa = XCBuildConfiguration;
			buildSettings = {
				ALWAYS_EMBED_SWIFT_STANDARD_LIBRARIES = YES;
				BUNDLE_LOADER = "$(TEST_HOST)";
				CODE_SIGN_STYLE = Automatic;
				INFOPLIST_FILE = testTests/Info.plist;
				LD_RUNPATH_SEARCH_PATHS = "$(inherited) @executable_path/Frameworks @loader_path/Frameworks";
				PRODUCT_BUNDLE_IDENTIFIER = com.litech.testTests;
				PRODUCT_NAME = "$(TARGET_NAME)";
				SWIFT_VERSION = 4.0;
				TARGETED_DEVICE_FAMILY = "1,2";
				TEST_HOST = "$(BUILT_PRODUCTS_DIR)/test.app/test";
			};
			name = Release;
		};
		3FF567E720DE235700A06549 /* Debug */ = {
			isa = XCBuildConfiguration;
			buildSettings = {
				ALWAYS_EMBED_SWIFT_STANDARD_LIBRARIES = YES;
				CODE_SIGN_STYLE = Automatic;
				INFOPLIST_FILE = testUITests/Info.plist;
				LD_RUNPATH_SEARCH_PATHS = "$(inherited) @executable_path/Frameworks @loader_path/Frameworks";
				PRODUCT_BUNDLE_IDENTIFIER = com.litech.testUITests;
				PRODUCT_NAME = "$(TARGET_NAME)";
				SWIFT_VERSION = 4.0;
				TARGETED_DEVICE_FAMILY = "1,2";
				TEST_TARGET_NAME = test;
			};
			name = Debug;
		};
		3FF567E820DE235700A06549 /* Release */ = {
			isa = XCBuildConfiguration;
			buildSettings = {
				ALWAYS_EMBED_SWIFT_STANDARD_LIBRARIES = YES;
				CODE_SIGN_STYLE = Automatic;
				INFOPLIST_FILE = testUITests/Info.plist;
				LD_RUNPATH_SEARCH_PATHS = "$(inherited) @executable_path/Frameworks @loader_path/Frameworks";
				PRODUCT_BUNDLE_IDENTIFIER = com.litech.testUITests;
				PRODUCT_NAME = "$(TARGET_NAME)";
				SWIFT_VERSION = 4.0;
				TARGETED_DEVICE_FAMILY = "1,2";
				TEST_TARGET_NAME = test;
			};
			name = Release;
		};
/* End XCBuildConfiguration section */

/* Begin XCConfigurationList section */
		3FF567B320DE235700A06549 /* Build configuration list for PBXProject "test" */ = {
			isa = XCConfigurationList;
			buildConfigurations = (
				3FF567DE20DE235700A06549 /* Debug */,
				3FF567DF20DE235700A06549 /* Release */,
			);
			defaultConfigurationIsVisible = 0;
			defaultConfigurationName = Release;
		};
		3FF567E020DE235700A06549 /* Build configuration list for PBXNativeTarget "test" */ = {
			isa = XCConfigurationList;
			buildConfigurations = (
				3FF567E120DE235700A06549 /* Debug */,
				3FF567E220DE235700A06549 /* Release */,
			);
			defaultConfigurationIsVisible = 0;
			defaultConfigurationName = Release;
		};
		3FF567E320DE235700A06549 /* Build configuration list for PBXNativeTarget "testTests" */ = {
			isa = XCConfigurationList;
			buildConfigurations = (
				3FF567E420DE235700A06549 /* Debug */,
				3FF567E520DE235700A06549 /* Release */,
			);
			defaultConfigurationIsVisible = 0;
			defaultConfigurationName = Release;
		};
		3FF567E620DE235700A06549 /* Build configuration list for PBXNativeTarget "testUITests" */ = {
			isa = XCConfigurationList;
			buildConfigurations = (
				3FF567E720DE235700A06549 /* Debug */,
				3FF567E820DE235700A06549 /* Release */,
			);
			defaultConfigurationIsVisible = 0;
			defaultConfigurationName = Release;
		};
/* End XCConfigurationList section */
	};
	rootObject = 3FF567B020DE235700A06549 /* Project object */;
}
